
Microsoft Visual Studio Solution File, Format Version 12.00
Project("{FAE04EC0-301F-11D3-BF4B-00C04F79EFBC}") = "SmartBillApi", "SmartBillApi\SmartBillApi.csproj", "{98288CD2-189D-4DD3-94A1-24863C2C9FA8}"
EndProject
Global
	GlobalSection(SolutionConfigurationPlatforms) = preSolution
		Debug|Any CPU = Debug|Any CPU
		Release|Any CPU = Release|Any CPU
	EndGlobalSection
	GlobalSection(ProjectConfigurationPlatforms) = postSolution
		{98288CD2-189D-4DD3-94A1-24863C2C9FA8}.Debug|Any CPU.ActiveCfg = Debug|Any CPU
		{98288CD2-189D-4DD3-94A1-24863C2C9FA8}.Debug|Any CPU.Build.0 = Debug|Any CPU
		{98288CD2-189D-4DD3-94A1-24863C2C9FA8}.Release|Any CPU.ActiveCfg = Release|Any CPU
		{98288CD2-189D-4DD3-94A1-24863C2C9FA8}.Release|Any CPU.Build.0 = Release|Any CPU
	EndGlobalSection
EndGlobal
